
Microsoft Visual Studio Solution File, Format Version 12.00
# Visual Studio 2012
Project("{FAE04EC0-301F-11D3-BF4B-00C04F79EFBC}") = "01. Shape", "01. Shape\01. Shape.csproj", "{733981A7-B627-4602-81E0-D163641C367B}"
EndProject
Project("{FAE04EC0-301F-11D3-BF4B-00C04F79EFBC}") = "03. InvalidRangeExceptionGeneric", "03. InvalidRangeExceptionGeneric\03. InvalidRangeExceptionGeneric.csproj", "{4E722EBD-699E-47A0-B044-C9767E85B93F}"
EndProject
Project("{FAE04EC0-301F-11D3-BF4B-00C04F79EFBC}") = "02. Bank", "02. Bank\02. Bank.csproj", "{9596F23B-98C6-405A-B794-0AB83E833551}"
EndProject
Global
	GlobalSection(SolutionConfigurationPlatforms) = preSolution
		Debug|Any CPU = Debug|Any CPU
		Release|Any CPU = Release|Any CPU
	EndGlobalSection
	GlobalSection(ProjectConfigurationPlatforms) = postSolution
		{733981A7-B627-4602-81E0-D163641C367B}.Debug|Any CPU.ActiveCfg = Debug|Any CPU
		{733981A7-B627-4602-81E0-D163641C367B}.Debug|Any CPU.Build.0 = Debug|Any CPU
		{733981A7-B627-4602-81E0-D163641C367B}.Release|Any CPU.ActiveCfg = Release|Any CPU
		{733981A7-B627-4602-81E0-D163641C367B}.Release|Any CPU.Build.0 = Release|Any CPU
		{4E722EBD-699E-47A0-B044-C9767E85B93F}.Debug|Any CPU.ActiveCfg = Debug|Any CPU
		{4E722EBD-699E-47A0-B044-C9767E85B93F}.Debug|Any CPU.Build.0 = Debug|Any CPU
		{4E722EBD-699E-47A0-B044-C9767E85B93F}.Release|Any CPU.ActiveCfg = Release|Any CPU
		{4E722EBD-699E-47A0-B044-C9767E85B93F}.Release|Any CPU.Build.0 = Release|Any CPU
		{9596F23B-98C6-405A-B794-0AB83E833551}.Debug|Any CPU.ActiveCfg = Debug|Any CPU
		{9596F23B-98C6-405A-B794-0AB83E833551}.Debug|Any CPU.Build.0 = Debug|Any CPU
		{9596F23B-98C6-405A-B794-0AB83E833551}.Release|Any CPU.ActiveCfg = Release|Any CPU
		{9596F23B-98C6-405A-B794-0AB83E833551}.Release|Any CPU.Build.0 = Release|Any CPU
	EndGlobalSection
	GlobalSection(SolutionProperties) = preSolution
		HideSolutionNode = FALSE
	EndGlobalSection
EndGlobal
