
Microsoft Visual Studio Solution File, Format Version 12.00
# Visual Studio 2012
Project("{FAE04EC0-301F-11D3-BF4B-00C04F79EFBC}") = "TelerikAcademy.Models", "TelerikAcademy.Models\TelerikAcademy.Models.csproj", "{FEC83B78-06AC-4C9A-BB89-9C0146AF7ED5}"
EndProject
Project("{FAE04EC0-301F-11D3-BF4B-00C04F79EFBC}") = "TelerikAcademy.Client", "TelerikAcademy.Client\TelerikAcademy.Client.csproj", "{882DAA0D-B1FF-4162-A450-8B7B033ECF49}"
EndProject
Global
	GlobalSection(SolutionConfigurationPlatforms) = preSolution
		Debug|Any CPU = Debug|Any CPU
		Release|Any CPU = Release|Any CPU
	EndGlobalSection
	GlobalSection(ProjectConfigurationPlatforms) = postSolution
		{FEC83B78-06AC-4C9A-BB89-9C0146AF7ED5}.Debug|Any CPU.ActiveCfg = Debug|Any CPU
		{FEC83B78-06AC-4C9A-BB89-9C0146AF7ED5}.Debug|Any CPU.Build.0 = Debug|Any CPU
		{FEC83B78-06AC-4C9A-BB89-9C0146AF7ED5}.Release|Any CPU.ActiveCfg = Release|Any CPU
		{FEC83B78-06AC-4C9A-BB89-9C0146AF7ED5}.Release|Any CPU.Build.0 = Release|Any CPU
		{882DAA0D-B1FF-4162-A450-8B7B033ECF49}.Debug|Any CPU.ActiveCfg = Debug|Any CPU
		{882DAA0D-B1FF-4162-A450-8B7B033ECF49}.Debug|Any CPU.Build.0 = Debug|Any CPU
		{882DAA0D-B1FF-4162-A450-8B7B033ECF49}.Release|Any CPU.ActiveCfg = Release|Any CPU
		{882DAA0D-B1FF-4162-A450-8B7B033ECF49}.Release|Any CPU.Build.0 = Release|Any CPU
	EndGlobalSection
	GlobalSection(SolutionProperties) = preSolution
		HideSolutionNode = FALSE
	EndGlobalSection
EndGlobal
