
Microsoft Visual Studio Solution File, Format Version 12.00
# Visual Studio 2013
VisualStudioVersion = 12.0.20623.1 VSUPREVIEW
MinimumVisualStudioVersion = 10.0.40219.1
Project("{FAE04EC0-301F-11D3-BF4B-00C04F79EFBC}") = "01. HelloName", "01. HelloName\01. HelloName.csproj", "{937E67A3-AD32-4344-B465-76185995BAD7}"
EndProject
Global
	GlobalSection(SolutionConfigurationPlatforms) = preSolution
		Debug|Any CPU = Debug|Any CPU
		Release|Any CPU = Release|Any CPU
	EndGlobalSection
	GlobalSection(ProjectConfigurationPlatforms) = postSolution
		{937E67A3-AD32-4344-B465-76185995BAD7}.Debug|Any CPU.ActiveCfg = Debug|Any CPU
		{937E67A3-AD32-4344-B465-76185995BAD7}.Debug|Any CPU.Build.0 = Debug|Any CPU
		{937E67A3-AD32-4344-B465-76185995BAD7}.Release|Any CPU.ActiveCfg = Release|Any CPU
		{937E67A3-AD32-4344-B465-76185995BAD7}.Release|Any CPU.Build.0 = Release|Any CPU
	EndGlobalSection
	GlobalSection(SolutionProperties) = preSolution
		HideSolutionNode = FALSE
	EndGlobalSection
EndGlobal
