
Microsoft Visual Studio Solution File, Format Version 12.00
# Visual Studio 2012
Project("{FAE04EC0-301F-11D3-BF4B-00C04F79EFBC}") = "01. DragAndDropTrash", "01. DragAndDropTrash\01. DragAndDropTrash.csproj", "{F7F695F2-6202-421B-B5B4-87AE9CD8A6B0}"
EndProject
Project("{FAE04EC0-301F-11D3-BF4B-00C04F79EFBC}") = "03. StoragePolyfill", "03. StoragePolyfill\03. StoragePolyfill.csproj", "{413E6828-EAB3-4FB5-A97A-1BF0FFE7C470}"
EndProject
Project("{FAE04EC0-301F-11D3-BF4B-00C04F79EFBC}") = "04. CanvasGraphics", "04. CanvasGraphics\04. CanvasGraphics.csproj", "{74400D15-C655-4594-9997-87B0DF4AA22A}"
EndProject
Project("{FAE04EC0-301F-11D3-BF4B-00C04F79EFBC}") = "05. BouncingBall", "05. BouncingBall\05. BouncingBall.csproj", "{8A81849C-7572-4995-AF1B-BA1459399792}"
EndProject
Global
	GlobalSection(SolutionConfigurationPlatforms) = preSolution
		Debug|Any CPU = Debug|Any CPU
		Release|Any CPU = Release|Any CPU
	EndGlobalSection
	GlobalSection(ProjectConfigurationPlatforms) = postSolution
		{F7F695F2-6202-421B-B5B4-87AE9CD8A6B0}.Debug|Any CPU.ActiveCfg = Debug|Any CPU
		{F7F695F2-6202-421B-B5B4-87AE9CD8A6B0}.Debug|Any CPU.Build.0 = Debug|Any CPU
		{F7F695F2-6202-421B-B5B4-87AE9CD8A6B0}.Release|Any CPU.ActiveCfg = Release|Any CPU
		{F7F695F2-6202-421B-B5B4-87AE9CD8A6B0}.Release|Any CPU.Build.0 = Release|Any CPU
		{413E6828-EAB3-4FB5-A97A-1BF0FFE7C470}.Debug|Any CPU.ActiveCfg = Debug|Any CPU
		{413E6828-EAB3-4FB5-A97A-1BF0FFE7C470}.Debug|Any CPU.Build.0 = Debug|Any CPU
		{413E6828-EAB3-4FB5-A97A-1BF0FFE7C470}.Release|Any CPU.ActiveCfg = Release|Any CPU
		{413E6828-EAB3-4FB5-A97A-1BF0FFE7C470}.Release|Any CPU.Build.0 = Release|Any CPU
		{74400D15-C655-4594-9997-87B0DF4AA22A}.Debug|Any CPU.ActiveCfg = Debug|Any CPU
		{74400D15-C655-4594-9997-87B0DF4AA22A}.Debug|Any CPU.Build.0 = Debug|Any CPU
		{74400D15-C655-4594-9997-87B0DF4AA22A}.Release|Any CPU.ActiveCfg = Release|Any CPU
		{74400D15-C655-4594-9997-87B0DF4AA22A}.Release|Any CPU.Build.0 = Release|Any CPU
		{8A81849C-7572-4995-AF1B-BA1459399792}.Debug|Any CPU.ActiveCfg = Debug|Any CPU
		{8A81849C-7572-4995-AF1B-BA1459399792}.Debug|Any CPU.Build.0 = Debug|Any CPU
		{8A81849C-7572-4995-AF1B-BA1459399792}.Release|Any CPU.ActiveCfg = Release|Any CPU
		{8A81849C-7572-4995-AF1B-BA1459399792}.Release|Any CPU.Build.0 = Release|Any CPU
	EndGlobalSection
	GlobalSection(SolutionProperties) = preSolution
		HideSolutionNode = FALSE
	EndGlobalSection
EndGlobal
