
Microsoft Visual Studio Solution File, Format Version 12.00
# Visual Studio 2012
Project("{FAE04EC0-301F-11D3-BF4B-00C04F79EFBC}") = "01. SoftwareAcademy", "01. SoftwareAcademy\01. SoftwareAcademy.csproj", "{11ACDA55-F096-4A0B-96B7-26F30FFB3636}"
EndProject
Project("{FAE04EC0-301F-11D3-BF4B-00C04F79EFBC}") = "02. AcademyRPG", "02. AcademyRPG\02. AcademyRPG.csproj", "{922D0E41-BC09-4E3B-9779-CE3EA6DACA2E}"
EndProject
Global
	GlobalSection(SolutionConfigurationPlatforms) = preSolution
		Debug|Any CPU = Debug|Any CPU
		Release|Any CPU = Release|Any CPU
	EndGlobalSection
	GlobalSection(ProjectConfigurationPlatforms) = postSolution
		{11ACDA55-F096-4A0B-96B7-26F30FFB3636}.Debug|Any CPU.ActiveCfg = Debug|Any CPU
		{11ACDA55-F096-4A0B-96B7-26F30FFB3636}.Debug|Any CPU.Build.0 = Debug|Any CPU
		{11ACDA55-F096-4A0B-96B7-26F30FFB3636}.Release|Any CPU.ActiveCfg = Release|Any CPU
		{11ACDA55-F096-4A0B-96B7-26F30FFB3636}.Release|Any CPU.Build.0 = Release|Any CPU
		{922D0E41-BC09-4E3B-9779-CE3EA6DACA2E}.Debug|Any CPU.ActiveCfg = Debug|Any CPU
		{922D0E41-BC09-4E3B-9779-CE3EA6DACA2E}.Debug|Any CPU.Build.0 = Debug|Any CPU
		{922D0E41-BC09-4E3B-9779-CE3EA6DACA2E}.Release|Any CPU.ActiveCfg = Release|Any CPU
		{922D0E41-BC09-4E3B-9779-CE3EA6DACA2E}.Release|Any CPU.Build.0 = Release|Any CPU
	EndGlobalSection
	GlobalSection(SolutionProperties) = preSolution
		HideSolutionNode = FALSE
	EndGlobalSection
EndGlobal
