
Microsoft Visual Studio Solution File, Format Version 12.00
# Visual Studio 2012
Project("{FAE04EC0-301F-11D3-BF4B-00C04F79EFBC}") = "BloggingSystem.Models", "BloggingSystem.Models\BloggingSystem.Models.csproj", "{06FDB217-658C-4755-8E2B-FAF2317789C6}"
EndProject
Project("{FAE04EC0-301F-11D3-BF4B-00C04F79EFBC}") = "BloggingSystem.Data", "BloggingSystem.Data\BloggingSystem.Data.csproj", "{79AC6B4C-CBC4-45DD-8585-BD4A60DB4B34}"
EndProject
Project("{FAE04EC0-301F-11D3-BF4B-00C04F79EFBC}") = "BloggingSystem.WebApi", "BloggingSystem.WebApi\BloggingSystem.WebApi.csproj", "{381D5E1A-B06E-4014-AD82-BBF6C39E018A}"
EndProject
Project("{FAE04EC0-301F-11D3-BF4B-00C04F79EFBC}") = "BloggingSystem.Tests", "BloggingSystem.Tests\BloggingSystem.Tests.csproj", "{EE02B7EA-4B4C-47F4-B6ED-3475E6D820E5}"
EndProject
Global
	GlobalSection(SolutionConfigurationPlatforms) = preSolution
		Debug|Any CPU = Debug|Any CPU
		Release|Any CPU = Release|Any CPU
	EndGlobalSection
	GlobalSection(ProjectConfigurationPlatforms) = postSolution
		{06FDB217-658C-4755-8E2B-FAF2317789C6}.Debug|Any CPU.ActiveCfg = Debug|Any CPU
		{06FDB217-658C-4755-8E2B-FAF2317789C6}.Debug|Any CPU.Build.0 = Debug|Any CPU
		{06FDB217-658C-4755-8E2B-FAF2317789C6}.Release|Any CPU.ActiveCfg = Release|Any CPU
		{06FDB217-658C-4755-8E2B-FAF2317789C6}.Release|Any CPU.Build.0 = Release|Any CPU
		{79AC6B4C-CBC4-45DD-8585-BD4A60DB4B34}.Debug|Any CPU.ActiveCfg = Debug|Any CPU
		{79AC6B4C-CBC4-45DD-8585-BD4A60DB4B34}.Debug|Any CPU.Build.0 = Debug|Any CPU
		{79AC6B4C-CBC4-45DD-8585-BD4A60DB4B34}.Release|Any CPU.ActiveCfg = Release|Any CPU
		{79AC6B4C-CBC4-45DD-8585-BD4A60DB4B34}.Release|Any CPU.Build.0 = Release|Any CPU
		{381D5E1A-B06E-4014-AD82-BBF6C39E018A}.Debug|Any CPU.ActiveCfg = Debug|Any CPU
		{381D5E1A-B06E-4014-AD82-BBF6C39E018A}.Debug|Any CPU.Build.0 = Debug|Any CPU
		{381D5E1A-B06E-4014-AD82-BBF6C39E018A}.Release|Any CPU.ActiveCfg = Release|Any CPU
		{381D5E1A-B06E-4014-AD82-BBF6C39E018A}.Release|Any CPU.Build.0 = Release|Any CPU
		{EE02B7EA-4B4C-47F4-B6ED-3475E6D820E5}.Debug|Any CPU.ActiveCfg = Debug|Any CPU
		{EE02B7EA-4B4C-47F4-B6ED-3475E6D820E5}.Debug|Any CPU.Build.0 = Debug|Any CPU
		{EE02B7EA-4B4C-47F4-B6ED-3475E6D820E5}.Release|Any CPU.ActiveCfg = Release|Any CPU
		{EE02B7EA-4B4C-47F4-B6ED-3475E6D820E5}.Release|Any CPU.Build.0 = Release|Any CPU
	EndGlobalSection
	GlobalSection(SolutionProperties) = preSolution
		HideSolutionNode = FALSE
	EndGlobalSection
EndGlobal
