
Microsoft Visual Studio Solution File, Format Version 12.00
# Visual Studio 2012
Project("{FAE04EC0-301F-11D3-BF4B-00C04F79EFBC}") = "Coins", "Coins\Coins.csproj", "{1F455AD5-DCF9-40F1-AD23-833DEFFC3D12}"
EndProject
Project("{FAE04EC0-301F-11D3-BF4B-00C04F79EFBC}") = "CheckTriangle", "CheckTriangle\CheckTriangle.csproj", "{A5ABE804-BF24-429C-8C47-78F8BE12C42B}"
EndProject
Global
	GlobalSection(SolutionConfigurationPlatforms) = preSolution
		Debug|Any CPU = Debug|Any CPU
		Release|Any CPU = Release|Any CPU
	EndGlobalSection
	GlobalSection(ProjectConfigurationPlatforms) = postSolution
		{1F455AD5-DCF9-40F1-AD23-833DEFFC3D12}.Debug|Any CPU.ActiveCfg = Debug|Any CPU
		{1F455AD5-DCF9-40F1-AD23-833DEFFC3D12}.Debug|Any CPU.Build.0 = Debug|Any CPU
		{1F455AD5-DCF9-40F1-AD23-833DEFFC3D12}.Release|Any CPU.ActiveCfg = Release|Any CPU
		{1F455AD5-DCF9-40F1-AD23-833DEFFC3D12}.Release|Any CPU.Build.0 = Release|Any CPU
		{A5ABE804-BF24-429C-8C47-78F8BE12C42B}.Debug|Any CPU.ActiveCfg = Debug|Any CPU
		{A5ABE804-BF24-429C-8C47-78F8BE12C42B}.Debug|Any CPU.Build.0 = Debug|Any CPU
		{A5ABE804-BF24-429C-8C47-78F8BE12C42B}.Release|Any CPU.ActiveCfg = Release|Any CPU
		{A5ABE804-BF24-429C-8C47-78F8BE12C42B}.Release|Any CPU.Build.0 = Release|Any CPU
	EndGlobalSection
	GlobalSection(SolutionProperties) = preSolution
		HideSolutionNode = FALSE
	EndGlobalSection
EndGlobal
