
Microsoft Visual Studio Solution File, Format Version 12.00
# Visual Studio 2012
Project("{FAE04EC0-301F-11D3-BF4B-00C04F79EFBC}") = "01. Methods", "01. Methods\01. Methods.csproj", "{94AED101-C3A3-4F25-8547-DFA702553F27}"
EndProject
Global
	GlobalSection(SolutionConfigurationPlatforms) = preSolution
		Debug|Any CPU = Debug|Any CPU
		Release|Any CPU = Release|Any CPU
	EndGlobalSection
	GlobalSection(ProjectConfigurationPlatforms) = postSolution
		{94AED101-C3A3-4F25-8547-DFA702553F27}.Debug|Any CPU.ActiveCfg = Debug|Any CPU
		{94AED101-C3A3-4F25-8547-DFA702553F27}.Debug|Any CPU.Build.0 = Debug|Any CPU
		{94AED101-C3A3-4F25-8547-DFA702553F27}.Release|Any CPU.ActiveCfg = Release|Any CPU
		{94AED101-C3A3-4F25-8547-DFA702553F27}.Release|Any CPU.Build.0 = Release|Any CPU
	EndGlobalSection
	GlobalSection(SolutionProperties) = preSolution
		HideSolutionNode = FALSE
	EndGlobalSection
EndGlobal
