
Microsoft Visual Studio Solution File, Format Version 12.00
# Visual Studio 2012
Project("{FAE04EC0-301F-11D3-BF4B-00C04F79EFBC}") = "CalendarSystem", "CalendarSystem\CalendarSystem.csproj", "{2A214832-5073-443E-B687-2E872FA686CD}"
EndProject
Project("{FAE04EC0-301F-11D3-BF4B-00C04F79EFBC}") = "CalendarSystem.Test", "CalendarSystem.Test\CalendarSystem.Test.csproj", "{11B94B98-5212-49D3-B0B6-D07082623C14}"
EndProject
Global
	GlobalSection(SolutionConfigurationPlatforms) = preSolution
		Debug|Any CPU = Debug|Any CPU
		Release|Any CPU = Release|Any CPU
	EndGlobalSection
	GlobalSection(ProjectConfigurationPlatforms) = postSolution
		{2A214832-5073-443E-B687-2E872FA686CD}.Debug|Any CPU.ActiveCfg = Debug|Any CPU
		{2A214832-5073-443E-B687-2E872FA686CD}.Debug|Any CPU.Build.0 = Debug|Any CPU
		{2A214832-5073-443E-B687-2E872FA686CD}.Release|Any CPU.ActiveCfg = Release|Any CPU
		{2A214832-5073-443E-B687-2E872FA686CD}.Release|Any CPU.Build.0 = Release|Any CPU
		{11B94B98-5212-49D3-B0B6-D07082623C14}.Debug|Any CPU.ActiveCfg = Debug|Any CPU
		{11B94B98-5212-49D3-B0B6-D07082623C14}.Debug|Any CPU.Build.0 = Debug|Any CPU
		{11B94B98-5212-49D3-B0B6-D07082623C14}.Release|Any CPU.ActiveCfg = Release|Any CPU
		{11B94B98-5212-49D3-B0B6-D07082623C14}.Release|Any CPU.Build.0 = Release|Any CPU
	EndGlobalSection
	GlobalSection(SolutionProperties) = preSolution
		HideSolutionNode = FALSE
	EndGlobalSection
EndGlobal
