
Microsoft Visual Studio Solution File, Format Version 12.00
# Visual Studio 2012
Project("{FAE04EC0-301F-11D3-BF4B-00C04F79EFBC}") = "FreeContentCatalog", "KPK-Practical-Exam\FreeContentCatalog.csproj", "{3B9BE953-7049-4872-9556-DA8E6F8B421E}"
EndProject
Project("{FAE04EC0-301F-11D3-BF4B-00C04F79EFBC}") = "FreeContentCatalogTest", "FreeContentCatalogTest\FreeContentCatalogTest.csproj", "{BCDB46E9-2315-40F3-9E52-4D79A8284861}"
EndProject
Global
	GlobalSection(SolutionConfigurationPlatforms) = preSolution
		Debug|Any CPU = Debug|Any CPU
		Release|Any CPU = Release|Any CPU
	EndGlobalSection
	GlobalSection(ProjectConfigurationPlatforms) = postSolution
		{3B9BE953-7049-4872-9556-DA8E6F8B421E}.Debug|Any CPU.ActiveCfg = Debug|Any CPU
		{3B9BE953-7049-4872-9556-DA8E6F8B421E}.Debug|Any CPU.Build.0 = Debug|Any CPU
		{3B9BE953-7049-4872-9556-DA8E6F8B421E}.Release|Any CPU.ActiveCfg = Release|Any CPU
		{3B9BE953-7049-4872-9556-DA8E6F8B421E}.Release|Any CPU.Build.0 = Release|Any CPU
		{BCDB46E9-2315-40F3-9E52-4D79A8284861}.Debug|Any CPU.ActiveCfg = Debug|Any CPU
		{BCDB46E9-2315-40F3-9E52-4D79A8284861}.Debug|Any CPU.Build.0 = Debug|Any CPU
		{BCDB46E9-2315-40F3-9E52-4D79A8284861}.Release|Any CPU.ActiveCfg = Release|Any CPU
		{BCDB46E9-2315-40F3-9E52-4D79A8284861}.Release|Any CPU.Build.0 = Release|Any CPU
	EndGlobalSection
	GlobalSection(SolutionProperties) = preSolution
		HideSolutionNode = FALSE
	EndGlobalSection
EndGlobal
